// !$*UTF8*$!
{
	archiveVersion = 1;
	classes = {
	};
	objectVersion = 50;
	objects = {

/* Begin PBXBuildFile section */
		C43EDBB7249114F90040EE59 /* AppDelegate.swift in Sources */ = {isa = PBXBuildFile; fileRef = C43EDBB6249114F90040EE59 /* AppDelegate.swift */; };
		C43EDBB9249114F90040EE59 /* SceneDelegate.swift in Sources */ = {isa = PBXBuildFile; fileRef = C43EDBB8249114F90040EE59 /* SceneDelegate.swift */; };
		C43EDBBB249114F90040EE59 /* ViewController.swift in Sources */ = {isa = PBXBuildFile; fileRef = C43EDBBA249114F90040EE59 /* ViewController.swift */; };
		C43EDBBE249114F90040EE59 /* Main.storyboard in Resources */ = {isa = PBXBuildFile; fileRef = C43EDBBC249114F90040EE59 /* Main.storyboard */; };
		C43EDBC1249114F90040EE59 /* SecurePasteBoard.xcdatamodeld in Sources */ = {isa = PBXBuildFile; fileRef = C43EDBBF249114F90040EE59 /* SecurePasteBoard.xcdatamodeld */; };
		C43EDBC3249114FD0040EE59 /* Assets.xcassets in Resources */ = {isa = PBXBuildFile; fileRef = C43EDBC2249114FD0040EE59 /* Assets.xcassets */; };
		C43EDBC6249114FD0040EE59 /* LaunchScreen.storyboard in Resources */ = {isa = PBXBuildFile; fileRef = C43EDBC4249114FD0040EE59 /* LaunchScreen.storyboard */; };
/* End PBXBuildFile section */

/* Begin PBXFileReference section */
		C43EDBB3249114F90040EE59 /* SecurePasteBoard.app */ = {isa = PBXFileReference; explicitFileType = wrapper.application; includeInIndex = 0; path = SecurePasteBoard.app; sourceTree = BUILT_PRODUCTS_DIR; };
		C43EDBB6249114F90040EE59 /* AppDelegate.swift */ = {isa = PBXFileReference; lastKnownFileType = sourcecode.swift; path = AppDelegate.swift; sourceTree = "<group>"; };
		C43EDBB8249114F90040EE59 /* SceneDelegate.swift */ = {isa = PBXFileReference; lastKnownFileType = sourcecode.swift; path = SceneDelegate.swift; sourceTree = "<group>"; };
		C43EDBBA249114F90040EE59 /* ViewController.swift */ = {isa = PBXFileReference; lastKnownFileType = sourcecode.swift; path = ViewController.swift; sourceTree = "<group>"; };
		C43EDBBD249114F90040EE59 /* Base */ = {isa = PBXFileReference; lastKnownFileType = file.storyboard; name = Base; path = Base.lproj/Main.storyboard; sourceTree = "<group>"; };
		C43EDBC0249114F90040EE59 /* SecurePasteBoard.xcdatamodel */ = {isa = PBXFileReference; lastKnownFileType = wrapper.xcdatamodel; path = SecurePasteBoard.xcdatamodel; sourceTree = "<group>"; };
		C43EDBC2249114FD0040EE59 /* Assets.xcassets */ = {isa = PBXFileReference; lastKnownFileType = folder.assetcatalog; path = Assets.xcassets; sourceTree = "<group>"; };
		C43EDBC5249114FD0040EE59 /* Base */ = {isa = PBXFileReference; lastKnownFileType = file.storyboard; name = Base; path = Base.lproj/LaunchScreen.storyboard; sourceTree = "<group>"; };
		C43EDBC7249114FD0040EE59 /* Info.plist */ = {isa = PBXFileReference; lastKnownFileType = text.plist.xml; path = Info.plist; sourceTree = "<group>"; };
/* End PBXFileReference section */

/* Begin PBXFrameworksBuildPhase section */
		C43EDBB0249114F90040EE59 /* Frameworks */ = {
			isa = PBXFrameworksBuildPhase;
			buildActionMask = 2147483647;
			files = (
			);
			runOnlyForDeploymentPostprocessing = 0;
		};
/* End PBXFrameworksBuildPhase section */

/* Begin PBXGroup section */
		C43EDBAA249114F90040EE59 = {
			isa = PBXGroup;
			children = (
				C43EDBB5249114F90040EE59 /* SecurePasteBoard */,
				C43EDBB4249114F90040EE59 /* Products */,
			);
			sourceTree = "<group>";
		};
		C43EDBB4249114F90040EE59 /* Products */ = {
			isa = PBXGroup;
			children = (
				C43EDBB3249114F90040EE59 /* SecurePasteBoard.app */,
			);
			name = Products;
			sourceTree = "<group>";
		};
		C43EDBB5249114F90040EE59 /* SecurePasteBoard */ = {
			isa = PBXGroup;
			children = (
				C43EDBB6249114F90040EE59 /* AppDelegate.swift */,
				C43EDBB8249114F90040EE59 /* SceneDelegate.swift */,
				C43EDBBA249114F90040EE59 /* ViewController.swift */,
				C43EDBBC249114F90040EE59 /* Main.storyboard */,
				C43EDBC2249114FD0040EE59 /* Assets.xcassets */,
				C43EDBC4249114FD0040EE59 /* LaunchScreen.storyboard */,
				C43EDBC7249114FD0040EE59 /* Info.plist */,
				C43EDBBF249114F90040EE59 /* SecurePasteBoard.xcdatamodeld */,
			);
			path = SecurePasteBoard;
			sourceTree = "<group>";
		};
/* End PBXGroup section */

/* Begin PBXNativeTarget section */
		C43EDBB2249114F90040EE59 /* SecurePasteBoard */ = {
			isa = PBXNativeTarget;
			buildConfigurationList = C43EDBCA249114FD0040EE59 /* Build configuration list for PBXNativeTarget "SecurePasteBoard" */;
			buildPhases = (
				C43EDBAF249114F90040EE59 /* Sources */,
				C43EDBB0249114F90040EE59 /* Frameworks */,
				C43EDBB1249114F90040EE59 /* Resources */,
			);
			buildRules = (
			);
			dependencies = (
			);
			name = SecurePasteBoard;
			productName = SecurePasteBoard;
			productReference = C43EDBB3249114F90040EE59 /* SecurePasteBoard.app */;
			productType = "com.apple.product-type.application";
		};
/* End PBXNativeTarget section */

/* Begin PBXProject section */
		C43EDBAB249114F90040EE59 /* Project object */ = {
			isa = PBXProject;
			attributes = {
				LastSwiftUpdateCheck = 1130;
				LastUpgradeCheck = 1130;
				ORGANIZATIONNAME = ebejolli;
				TargetAttributes = {
					C43EDBB2249114F90040EE59 = {
						CreatedOnToolsVersion = 11.3.1;
					};
				};
			};
			buildConfigurationList = C43EDBAE249114F90040EE59 /* Build configuration list for PBXProject "SecurePasteBoard" */;
			compatibilityVersion = "Xcode 9.3";
			developmentRegion = en;
			hasScannedForEncodings = 0;
			knownRegions = (
				en,
				Base,
			);
			mainGroup = C43EDBAA249114F90040EE59;
			productRefGroup = C43EDBB4249114F90040EE59 /* Products */;
			projectDirPath = "";
			projectRoot = "";
			targets = (
				C43EDBB2249114F90040EE59 /* SecurePasteBoard */,
			);
		};
/* End PBXProject section */

/* Begin PBXResourcesBuildPhase section */
		C43EDBB1249114F90040EE59 /* Resources */ = {
			isa = PBXResourcesBuildPhase;
			buildActionMask = 2147483647;
			files = (
				C43EDBC6249114FD0040EE59 /* LaunchScreen.storyboard in Resources */,
				C43EDBC3249114FD0040EE59 /* Assets.xcassets in Resources */,
				C43EDBBE249114F90040EE59 /* Main.storyboard in Resources */,
			);
			runOnlyForDeploymentPostprocessing = 0;
		};
/* End PBXResourcesBuildPhase section */

/* Begin PBXSourcesBuildPhase section */
		C43EDBAF249114F90040EE59 /* Sources */ = {
			isa = PBXSourcesBuildPhase;
			buildActionMask = 2147483647;
			files = (
				C43EDBBB249114F90040EE59 /* ViewController.swift in Sources */,
				C43EDBC1249114F90040EE59 /* SecurePasteBoard.xcdatamodeld in Sources */,
				C43EDBB7249114F90040EE59 /* AppDelegate.swift in Sources */,
				C43EDBB9249114F90040EE59 /* SceneDelegate.swift in Sources */,
			);
			runOnlyForDeploymentPostprocessing = 0;
		};
/* End PBXSourcesBuildPhase section */

/* Begin PBXVariantGroup section */
		C43EDBBC249114F90040EE59 /* Main.storyboard */ = {
			isa = PBXVariantGroup;
			children = (
				C43EDBBD249114F90040EE59 /* Base */,
			);
			name = Main.storyboard;
			sourceTree = "<group>";
		};
		C43EDBC4249114FD0040EE59 /* LaunchScreen.storyboard */ = {
			isa = PBXVariantGroup;
			children = (
				C43EDBC5249114FD0040EE59 /* Base */,
			);
			name = LaunchScreen.storyboard;
			sourceTree = "<group>";
		};
/* End PBXVariantGroup section */

/* Begin XCBuildConfiguration section */
		C43EDBC8249114FD0040EE59 /* Debug */ = {
			isa = XCBuildConfiguration;
			buildSettings = {
				ALWAYS_SEARCH_USER_PATHS = NO;
				CLANG_ANALYZER_NONNULL = YES;
				CLANG_ANALYZER_NUMBER_OBJECT_CONVERSION = YES_AGGRESSIVE;
				CLANG_CXX_LANGUAGE_STANDARD = "gnu++14";
				CLANG_CXX_LIBRARY = "libc++";
				CLANG_ENABLE_MODULES = YES;
				CLANG_ENABLE_OBJC_ARC = YES;
				CLANG_ENABLE_OBJC_WEAK = YES;
				CLANG_WARN_BLOCK_CAPTURE_AUTORELEASING = YES;
				CLANG_WARN_BOOL_CONVERSION = YES;
				CLANG_WARN_COMMA = YES;
				CLANG_WARN_CONSTANT_CONVERSION = YES;
				CLANG_WARN_DEPRECATED_OBJC_IMPLEMENTATIONS = YES;
				CLANG_WARN_DIRECT_OBJC_ISA_USAGE = YES_ERROR;
				CLANG_WARN_DOCUMENTATION_COMMENTS = YES;
				CLANG_WARN_EMPTY_BODY = YES;
				CLANG_WARN_ENUM_CONVERSION = YES;
				CLANG_WARN_INFINITE_RECURSION = YES;
				CLANG_WARN_INT_CONVERSION = YES;
				CLANG_WARN_NON_LITERAL_NULL_CONVERSION = YES;
				CLANG_WARN_OBJC_IMPLICIT_RETAIN_SELF = YES;
				CLANG_WARN_OBJC_LITERAL_CONVERSION = YES;
				CLANG_WARN_OBJC_ROOT_CLASS = YES_ERROR;
				CLANG_WARN_RANGE_LOOP_ANALYSIS = YES;
				CLANG_WARN_STRICT_PROTOTYPES = YES;
				CLANG_WARN_SUSPICIOUS_MOVE = YES;
				CLANG_WARN_UNGUARDED_AVAILABILITY = YES_AGGRESSIVE;
				CLANG_WARN_UNREACHABLE_CODE = YES;
				CLANG_WARN__DUPLICATE_METHOD_MATCH = YES;
				COPY_PHASE_STRIP = NO;
				DEBUG_INFORMATION_FORMAT = dwarf;
				ENABLE_STRICT_OBJC_MSGSEND = YES;
				ENABLE_TESTABILITY = YES;
				GCC_C_LANGUAGE_STANDARD = gnu11;
				GCC_DYNAMIC_NO_PIC = NO;
				GCC_NO_COMMON_BLOCKS = YES;
				GCC_OPTIMIZATION_LEVEL = 0;
				GCC_PREPROCESSOR_DEFINITIONS = (
					"DEBUG=1",
					"$(inherited)",
				);
				GCC_WARN_64_TO_32_BIT_CONVERSION = YES;
				GCC_WARN_ABOUT_RETURN_TYPE = YES_ERROR;
				GCC_WARN_UNDECLARED_SELECTOR = YES;
				GCC_WARN_UNINITIALIZED_AUTOS = YES_AGGRESSIVE;
				GCC_WARN_UNUSED_FUNCTION = YES;
				GCC_WARN_UNUSED_VARIABLE = YES;
				IPHONEOS_DEPLOYMENT_TARGET = 13.2;
				MTL_ENABLE_DEBUG_INFO = INCLUDE_SOURCE;
				MTL_FAST_MATH = YES;
				ONLY_ACTIVE_ARCH = YES;
				SDKROOT = iphoneos;
				SWIFT_ACTIVE_COMPILATION_CONDITIONS = DEBUG;
				SWIFT_OPTIMIZATION_LEVEL = "-Onone";
			};
			name = Debug;
		};
		C43EDBC9249114FD0040EE59 /* Release */ = {
			isa = XCBuildConfiguration;
			buildSettings = {
				ALWAYS_SEARCH_USER_PATHS = NO;
				CLANG_ANALYZER_NONNULL = YES;
				CLANG_ANALYZER_NUMBER_OBJECT_CONVERSION = YES_AGGRESSIVE;
				CLANG_CXX_LANGUAGE_STANDARD = "gnu++14";
				CLANG_CXX_LIBRARY = "libc++";
				CLANG_ENABLE_MODULES = YES;
				CLANG_ENABLE_OBJC_ARC = YES;
				CLANG_ENABLE_OBJC_WEAK = YES;
				CLANG_WARN_BLOCK_CAPTURE_AUTORELEASING = YES;
				CLANG_WARN_BOOL_CONVERSION = YES;
				CLANG_WARN_COMMA = YES;
				CLANG_WARN_CONSTANT_CONVERSION = YES;
				CLANG_WARN_DEPRECATED_OBJC_IMPLEMENTATIONS = YES;
				CLANG_WARN_DIRECT_OBJC_ISA_USAGE = YES_ERROR;
				CLANG_WARN_DOCUMENTATION_COMMENTS = YES;
				CLANG_WARN_EMPTY_BODY = YES;
				CLANG_WARN_ENUM_CONVERSION = YES;
				CLANG_WARN_INFINITE_RECURSION = YES;
				CLANG_WARN_INT_CONVERSION = YES;
				CLANG_WARN_NON_LITERAL_NULL_CONVERSION = YES;
				CLANG_WARN_OBJC_IMPLICIT_RETAIN_SELF = YES;
				CLANG_WARN_OBJC_LITERAL_CONVERSION = YES;
				CLANG_WARN_OBJC_ROOT_CLASS = YES_ERROR;
				CLANG_WARN_RANGE_LOOP_ANALYSIS = YES;
				CLANG_WARN_STRICT_PROTOTYPES = YES;
				CLANG_WARN_SUSPICIOUS_MOVE = YES;
				CLANG_WARN_UNGUARDED_AVAILABILITY = YES_AGGRESSIVE;
				CLANG_WARN_UNREACHABLE_CODE = YES;
				CLANG_WARN__DUPLICATE_METHOD_MATCH = YES;
				COPY_PHASE_STRIP = NO;
				DEBUG_INFORMATION_FORMAT = "dwarf-with-dsym";
				ENABLE_NS_ASSERTIONS = NO;
				ENABLE_STRICT_OBJC_MSGSEND = YES;
				GCC_C_LANGUAGE_STANDARD = gnu11;
				GCC_NO_COMMON_BLOCKS = YES;
				GCC_WARN_64_TO_32_BIT_CONVERSION = YES;
				GCC_WARN_ABOUT_RETURN_TYPE = YES_ERROR;
				GCC_WARN_UNDECLARED_SELECTOR = YES;
				GCC_WARN_UNINITIALIZED_AUTOS = YES_AGGRESSIVE;
				GCC_WARN_UNUSED_FUNCTION = YES;
				GCC_WARN_UNUSED_VARIABLE = YES;
				IPHONEOS_DEPLOYMENT_TARGET = 13.2;
				MTL_ENABLE_DEBUG_INFO = NO;
				MTL_FAST_MATH = YES;
				SDKROOT = iphoneos;
				SWIFT_COMPILATION_MODE = wholemodule;
				SWIFT_OPTIMIZATION_LEVEL = "-O";
				VALIDATE_PRODUCT = YES;
			};
			name = Release;
		};
		C43EDBCB249114FD0040EE59 /* Debug */ = {
			isa = XCBuildConfiguration;
			buildSettings = {
				ASSETCATALOG_COMPILER_APPICON_NAME = AppIcon;
				CODE_SIGN_STYLE = Automatic;
				DEVELOPMENT_TEAM = 8CN5U7T2CM;
				INFOPLIST_FILE = SecurePasteBoard/Info.plist;
				LD_RUNPATH_SEARCH_PATHS = (
					"$(inherited)",
					"@executable_path/Frameworks",
				);
				PRODUCT_BUNDLE_IDENTIFIER = ebejolli.com.SecurePasteBoard;
				PRODUCT_NAME = "$(TARGET_NAME)";
				SWIFT_VERSION = 5.0;
				TARGETED_DEVICE_FAMILY = "1,2";
			};
			name = Debug;
		};
		C43EDBCC249114FD0040EE59 /* Release */ = {
			isa = XCBuildConfiguration;
			buildSettings = {
				ASSETCATALOG_COMPILER_APPICON_NAME = AppIcon;
				CODE_SIGN_STYLE = Automatic;
				DEVELOPMENT_TEAM = 8CN5U7T2CM;
				INFOPLIST_FILE = SecurePasteBoard/Info.plist;
				LD_RUNPATH_SEARCH_PATHS = (
					"$(inherited)",
					"@executable_path/Frameworks",
				);
				PRODUCT_BUNDLE_IDENTIFIER = ebejolli.com.SecurePasteBoard;
				PRODUCT_NAME = "$(TARGET_NAME)";
				SWIFT_VERSION = 5.0;
				TARGETED_DEVICE_FAMILY = "1,2";
			};
			name = Release;
		};
/* End XCBuildConfiguration section */

/* Begin XCConfigurationList section */
		C43EDBAE249114F90040EE59 /* Build configuration list for PBXProject "SecurePasteBoard" */ = {
			isa = XCConfigurationList;
			buildConfigurations = (
				C43EDBC8249114FD0040EE59 /* Debug */,
				C43EDBC9249114FD0040EE59 /* Release */,
			);
			defaultConfigurationIsVisible = 0;
			defaultConfigurationName = Release;
		};
		C43EDBCA249114FD0040EE59 /* Build configuration list for PBXNativeTarget "SecurePasteBoard" */ = {
			isa = XCConfigurationList;
			buildConfigurations = (
				C43EDBCB249114FD0040EE59 /* Debug */,
				C43EDBCC249114FD0040EE59 /* Release */,
			);
			defaultConfigurationIsVisible = 0;
			defaultConfigurationName = Release;
		};
/* End XCConfigurationList section */

/* Begin XCVersionGroup section */
		C43EDBBF249114F90040EE59 /* SecurePasteBoard.xcdatamodeld */ = {
			isa = XCVersionGroup;
			children = (
				C43EDBC0249114F90040EE59 /* SecurePasteBoard.xcdatamodel */,
			);
			currentVersion = C43EDBC0249114F90040EE59 /* SecurePasteBoard.xcdatamodel */;
			path = SecurePasteBoard.xcdatamodeld;
			sourceTree = "<group>";
			versionGroupType = wrapper.xcdatamodel;
		};
/* End XCVersionGroup section */
	};
	rootObject = C43EDBAB249114F90040EE59 /* Project object */;
}
